
Microsoft Visual Studio Solution File, Format Version 11.00
# Visual Studio 2010
Project("{FAE04EC0-301F-11D3-BF4B-00C04F79EFBC}") = "WheelOfLunch2", "WheelOfLunch2\WheelOfLunch2\WheelOfLunch2.csproj", "{2E8126E8-C705-40B7-A0B0-57E957D2D65E}"
EndProject
Project("{FAE04EC0-301F-11D3-BF4B-00C04F79EFBC}") = "WheelOfLunch2Content", "WheelOfLunch2\WheelOfLunch2Content\WheelOfLunch2Content.contentproj", "{7DA86290-867F-41FC-8ED7-878C746C1F0E}"
EndProject
Global
	GlobalSection(SubversionScc) = preSolution
		Svn-Managed = True
		Manager = AnkhSVN - Subversion Support for Visual Studio
	EndGlobalSection
	GlobalSection(SolutionConfigurationPlatforms) = preSolution
		Debug|x86 = Debug|x86
		Release|x86 = Release|x86
	EndGlobalSection
	GlobalSection(ProjectConfigurationPlatforms) = postSolution
		{2E8126E8-C705-40B7-A0B0-57E957D2D65E}.Debug|x86.ActiveCfg = Debug|x86
		{2E8126E8-C705-40B7-A0B0-57E957D2D65E}.Debug|x86.Build.0 = Debug|x86
		{2E8126E8-C705-40B7-A0B0-57E957D2D65E}.Release|x86.ActiveCfg = Release|x86
		{2E8126E8-C705-40B7-A0B0-57E957D2D65E}.Release|x86.Build.0 = Release|x86
		{7DA86290-867F-41FC-8ED7-878C746C1F0E}.Debug|x86.ActiveCfg = Debug|x86
		{7DA86290-867F-41FC-8ED7-878C746C1F0E}.Release|x86.ActiveCfg = Release|x86
	EndGlobalSection
	GlobalSection(SolutionProperties) = preSolution
		HideSolutionNode = FALSE
	EndGlobalSection
EndGlobal
