
Microsoft Visual Studio Solution File, Format Version 9.00
# Visual Studio 2005
Project("{FAE04EC0-301F-11D3-BF4B-00C04F79EFBC}") = "WheelOfLunch", "WheelOfLunch\WheelOfLunch.csproj", "{7EDFA056-8178-47CA-A66E-02E4EB9C24C0}"
	ProjectSection(WebsiteProperties) = preProject
		Debug.AspNetCompiler.Debug = "True"
		Release.AspNetCompiler.Debug = "False"
	EndProjectSection
EndProject
Project("{54435603-DBB4-11D2-8724-00A0C9A8B90C}") = "Wheel Of Lunch", "Wheel Of Lunch\Wheel Of Lunch.vdproj", "{934F4D1C-9B34-449C-A47A-F804D1C249B7}"
	ProjectSection(WebsiteProperties) = preProject
		Debug.AspNetCompiler.Debug = "True"
		Release.AspNetCompiler.Debug = "False"
	EndProjectSection
EndProject
Global
	GlobalSection(SubversionScc) = preSolution
		Svn-Managed = True
		Manager = AnkhSVN - Subversion Support for Visual Studio
	EndGlobalSection
	GlobalSection(SolutionConfigurationPlatforms) = preSolution
		Debug|Any CPU = Debug|Any CPU
		Release|Any CPU = Release|Any CPU
	EndGlobalSection
	GlobalSection(ProjectConfigurationPlatforms) = postSolution
		{7EDFA056-8178-47CA-A66E-02E4EB9C24C0}.Debug|Any CPU.ActiveCfg = Debug|Any CPU
		{7EDFA056-8178-47CA-A66E-02E4EB9C24C0}.Debug|Any CPU.Build.0 = Debug|Any CPU
		{7EDFA056-8178-47CA-A66E-02E4EB9C24C0}.Release|Any CPU.ActiveCfg = Release|Any CPU
		{7EDFA056-8178-47CA-A66E-02E4EB9C24C0}.Release|Any CPU.Build.0 = Release|Any CPU
		{934F4D1C-9B34-449C-A47A-F804D1C249B7}.Debug|Any CPU.ActiveCfg = Debug
		{934F4D1C-9B34-449C-A47A-F804D1C249B7}.Release|Any CPU.ActiveCfg = Release
		{934F4D1C-9B34-449C-A47A-F804D1C249B7}.Release|Any CPU.Build.0 = Release
	EndGlobalSection
	GlobalSection(SolutionProperties) = preSolution
		HideSolutionNode = FALSE
	EndGlobalSection
EndGlobal
